
Microsoft Visual Studio Solution File, Format Version 12.00
# Visual Studio Version 17
VisualStudioVersion = 17.10.35013.160
MinimumVisualStudioVersion = 10.0.40219.1
Project("{FAE04EC0-301F-11D3-BF4B-00C04F79EFBC}") = "StadiumRentalServer", "StadiumRentalServer\StadiumRentalServer.csproj", "{A37A724D-DEE9-4631-8234-399FE9035744}"
EndProject
Global
	GlobalSection(SolutionConfigurationPlatforms) = preSolution
		Debug|Any CPU = Debug|Any CPU
		Release|Any CPU = Release|Any CPU
	EndGlobalSection
	GlobalSection(ProjectConfigurationPlatforms) = postSolution
		{A37A724D-DEE9-4631-8234-399FE9035744}.Debug|Any CPU.ActiveCfg = Debug|Any CPU
		{A37A724D-DEE9-4631-8234-399FE9035744}.Debug|Any CPU.Build.0 = Debug|Any CPU
		{A37A724D-DEE9-4631-8234-399FE9035744}.Release|Any CPU.ActiveCfg = Release|Any CPU
		{A37A724D-DEE9-4631-8234-399FE9035744}.Release|Any CPU.Build.0 = Release|Any CPU
	EndGlobalSection
	GlobalSection(SolutionProperties) = preSolution
		HideSolutionNode = FALSE
	EndGlobalSection
	GlobalSection(ExtensibilityGlobals) = postSolution
		SolutionGuid = {5DCCBD18-96DF-4749-B4BA-E40371C8232C}
	EndGlobalSection
EndGlobal
